// !$*UTF8*$!
{
	archiveVersion = 1;
	classes = {
	};
	objectVersion = 56;
	objects = {

/* Begin PBXBuildFile section */
		764846222B64338900A0E7C1 /* GithubClientPOCApp.swift in Sources */ = {isa = PBXBuildFile; fileRef = 764846212B64338900A0E7C1 /* GithubClientPOCApp.swift */; };
		764846242B64338900A0E7C1 /* ContentView.swift in Sources */ = {isa = PBXBuildFile; fileRef = 764846232B64338900A0E7C1 /* ContentView.swift */; };
		764846262B64338A00A0E7C1 /* Assets.xcassets in Resources */ = {isa = PBXBuildFile; fileRef = 764846252B64338A00A0E7C1 /* Assets.xcassets */; };
		764846292B64338A00A0E7C1 /* Preview Assets.xcassets in Resources */ = {isa = PBXBuildFile; fileRef = 764846282B64338A00A0E7C1 /* Preview Assets.xcassets */; };
		76FEC0892B643AF600295557 /* User0.json in Resources */ = {isa = PBXBuildFile; fileRef = 76FEC0882B643AF600295557 /* User0.json */; };
		76FEC08B2B64469000295557 /* UsersList_2users.json in Resources */ = {isa = PBXBuildFile; fileRef = 76FEC08A2B64469000295557 /* UsersList_2users.json */; };
		76FEC08E2B65022500295557 /* Localizable.xcstrings in Resources */ = {isa = PBXBuildFile; fileRef = 76FEC08D2B65022500295557 /* Localizable.xcstrings */; };
		76FEC0912B65125F00295557 /* DataProviderProtocol.swift in Sources */ = {isa = PBXBuildFile; fileRef = 76FEC0902B65125F00295557 /* DataProviderProtocol.swift */; };
		76FEC0932B65135C00295557 /* MockInstantDataProvider.swift in Sources */ = {isa = PBXBuildFile; fileRef = 76FEC0922B65135C00295557 /* MockInstantDataProvider.swift */; };
		76FEC0962B6513C500295557 /* Logger.swift in Sources */ = {isa = PBXBuildFile; fileRef = 76FEC0952B6513C500295557 /* Logger.swift */; };
		76FEC0992B6517E500295557 /* Bundle+decodeJson.swift in Sources */ = {isa = PBXBuildFile; fileRef = 76FEC0982B6517E500295557 /* Bundle+decodeJson.swift */; };
		76FEC09B2B6518B900295557 /* User.swift in Sources */ = {isa = PBXBuildFile; fileRef = 76FEC09A2B6518B900295557 /* User.swift */; };
		76FEC09D2B651BBC00295557 /* UserDetailsView.swift in Sources */ = {isa = PBXBuildFile; fileRef = 76FEC09C2B651BBC00295557 /* UserDetailsView.swift */; };
		76FEC09F2B65532E00295557 /* UsersListView.swift in Sources */ = {isa = PBXBuildFile; fileRef = 76FEC09E2B65532E00295557 /* UsersListView.swift */; };
		76FEC0A22B65549500295557 /* GitHubUsersViewModel.swift in Sources */ = {isa = PBXBuildFile; fileRef = 76FEC0A12B65549500295557 /* GitHubUsersViewModel.swift */; };
		76FEC0A62B65632000295557 /* UsersListResponse.swift in Sources */ = {isa = PBXBuildFile; fileRef = 76FEC0A52B65632000295557 /* UsersListResponse.swift */; };
		76FEC0A82B656BD200295557 /* GitHubUsersViewModelTests.swift in Sources */ = {isa = PBXBuildFile; fileRef = 76FEC0A72B656BD200295557 /* GitHubUsersViewModelTests.swift */; };
/* End PBXBuildFile section */

/* Begin PBXContainerItemProxy section */
		7648462F2B64338A00A0E7C1 /* PBXContainerItemProxy */ = {
			isa = PBXContainerItemProxy;
			containerPortal = 764846162B64338900A0E7C1 /* Project object */;
			proxyType = 1;
			remoteGlobalIDString = 7648461D2B64338900A0E7C1;
			remoteInfo = GithubClientPOC;
		};
/* End PBXContainerItemProxy section */

/* Begin PBXFileReference section */
		7648461E2B64338900A0E7C1 /* GithubClientPOC.app */ = {isa = PBXFileReference; explicitFileType = wrapper.application; includeInIndex = 0; path = GithubClientPOC.app; sourceTree = BUILT_PRODUCTS_DIR; };
		764846212B64338900A0E7C1 /* GithubClientPOCApp.swift */ = {isa = PBXFileReference; lastKnownFileType = sourcecode.swift; path = GithubClientPOCApp.swift; sourceTree = "<group>"; };
		764846232B64338900A0E7C1 /* ContentView.swift */ = {isa = PBXFileReference; lastKnownFileType = sourcecode.swift; path = ContentView.swift; sourceTree = "<group>"; };
		764846252B64338A00A0E7C1 /* Assets.xcassets */ = {isa = PBXFileReference; lastKnownFileType = folder.assetcatalog; path = Assets.xcassets; sourceTree = "<group>"; };
		764846282B64338A00A0E7C1 /* Preview Assets.xcassets */ = {isa = PBXFileReference; lastKnownFileType = folder.assetcatalog; path = "Preview Assets.xcassets"; sourceTree = "<group>"; };
		7648462E2B64338A00A0E7C1 /* GithubClientPOCTests.xctest */ = {isa = PBXFileReference; explicitFileType = wrapper.cfbundle; includeInIndex = 0; path = GithubClientPOCTests.xctest; sourceTree = BUILT_PRODUCTS_DIR; };
		76FEC0882B643AF600295557 /* User0.json */ = {isa = PBXFileReference; lastKnownFileType = text.json; path = User0.json; sourceTree = "<group>"; };
		76FEC08A2B64469000295557 /* UsersList_2users.json */ = {isa = PBXFileReference; lastKnownFileType = text.json; path = UsersList_2users.json; sourceTree = "<group>"; };
		76FEC08D2B65022500295557 /* Localizable.xcstrings */ = {isa = PBXFileReference; lastKnownFileType = text.json.xcstrings; path = Localizable.xcstrings; sourceTree = "<group>"; };
		76FEC0902B65125F00295557 /* DataProviderProtocol.swift */ = {isa = PBXFileReference; lastKnownFileType = sourcecode.swift; path = DataProviderProtocol.swift; sourceTree = "<group>"; };
		76FEC0922B65135C00295557 /* MockInstantDataProvider.swift */ = {isa = PBXFileReference; lastKnownFileType = sourcecode.swift; path = MockInstantDataProvider.swift; sourceTree = "<group>"; };
		76FEC0952B6513C500295557 /* Logger.swift */ = {isa = PBXFileReference; lastKnownFileType = sourcecode.swift; path = Logger.swift; sourceTree = "<group>"; };
		76FEC0982B6517E500295557 /* Bundle+decodeJson.swift */ = {isa = PBXFileReference; lastKnownFileType = sourcecode.swift; path = "Bundle+decodeJson.swift"; sourceTree = "<group>"; };
		76FEC09A2B6518B900295557 /* User.swift */ = {isa = PBXFileReference; lastKnownFileType = sourcecode.swift; path = User.swift; sourceTree = "<group>"; };
		76FEC09C2B651BBC00295557 /* UserDetailsView.swift */ = {isa = PBXFileReference; lastKnownFileType = sourcecode.swift; path = UserDetailsView.swift; sourceTree = "<group>"; };
		76FEC09E2B65532E00295557 /* UsersListView.swift */ = {isa = PBXFileReference; lastKnownFileType = sourcecode.swift; path = UsersListView.swift; sourceTree = "<group>"; };
		76FEC0A12B65549500295557 /* GitHubUsersViewModel.swift */ = {isa = PBXFileReference; lastKnownFileType = sourcecode.swift; path = GitHubUsersViewModel.swift; sourceTree = "<group>"; };
		76FEC0A52B65632000295557 /* UsersListResponse.swift */ = {isa = PBXFileReference; lastKnownFileType = sourcecode.swift; path = UsersListResponse.swift; sourceTree = "<group>"; };
		76FEC0A72B656BD200295557 /* GitHubUsersViewModelTests.swift */ = {isa = PBXFileReference; lastKnownFileType = sourcecode.swift; path = GitHubUsersViewModelTests.swift; sourceTree = "<group>"; };
/* End PBXFileReference section */

/* Begin PBXFrameworksBuildPhase section */
		7648461B2B64338900A0E7C1 /* Frameworks */ = {
			isa = PBXFrameworksBuildPhase;
			buildActionMask = 2147483647;
			files = (
			);
			runOnlyForDeploymentPostprocessing = 0;
		};
		7648462B2B64338A00A0E7C1 /* Frameworks */ = {
			isa = PBXFrameworksBuildPhase;
			buildActionMask = 2147483647;
			files = (
			);
			runOnlyForDeploymentPostprocessing = 0;
		};
/* End PBXFrameworksBuildPhase section */

/* Begin PBXGroup section */
		764846152B64338900A0E7C1 = {
			isa = PBXGroup;
			children = (
				764846202B64338900A0E7C1 /* GithubClientPOC */,
				764846312B64338A00A0E7C1 /* GithubClientPOCTests */,
				7648461F2B64338900A0E7C1 /* Products */,
			);
			sourceTree = "<group>";
		};
		7648461F2B64338900A0E7C1 /* Products */ = {
			isa = PBXGroup;
			children = (
				7648461E2B64338900A0E7C1 /* GithubClientPOC.app */,
				7648462E2B64338A00A0E7C1 /* GithubClientPOCTests.xctest */,
			);
			name = Products;
			sourceTree = "<group>";
		};
		764846202B64338900A0E7C1 /* GithubClientPOC */ = {
			isa = PBXGroup;
			children = (
				764846252B64338A00A0E7C1 /* Assets.xcassets */,
				76FEC08F2B65122200295557 /* DataProviders */,
				76FEC0972B6517CC00295557 /* Extensions */,
				76FEC0942B6513AE00295557 /* Helpers */,
				76FEC0872B643AE000295557 /* Mocks */,
				76FEC0852B64361C00295557 /* Models */,
				764846272B64338A00A0E7C1 /* Preview Content */,
				76FEC0A02B65533B00295557 /* ViewModels */,
				76FEC0862B64363600295557 /* Views */,
				764846212B64338900A0E7C1 /* GithubClientPOCApp.swift */,
				76FEC08D2B65022500295557 /* Localizable.xcstrings */,
			);
			path = GithubClientPOC;
			sourceTree = "<group>";
		};
		764846272B64338A00A0E7C1 /* Preview Content */ = {
			isa = PBXGroup;
			children = (
				764846282B64338A00A0E7C1 /* Preview Assets.xcassets */,
			);
			path = "Preview Content";
			sourceTree = "<group>";
		};
		764846312B64338A00A0E7C1 /* GithubClientPOCTests */ = {
			isa = PBXGroup;
			children = (
				76FEC0A72B656BD200295557 /* GitHubUsersViewModelTests.swift */,
			);
			path = GithubClientPOCTests;
			sourceTree = "<group>";
		};
		76FEC0852B64361C00295557 /* Models */ = {
			isa = PBXGroup;
			children = (
				76FEC09A2B6518B900295557 /* User.swift */,
				76FEC0A52B65632000295557 /* UsersListResponse.swift */,
			);
			path = Models;
			sourceTree = "<group>";
		};
		76FEC0862B64363600295557 /* Views */ = {
			isa = PBXGroup;
			children = (
				764846232B64338900A0E7C1 /* ContentView.swift */,
				76FEC09C2B651BBC00295557 /* UserDetailsView.swift */,
				76FEC09E2B65532E00295557 /* UsersListView.swift */,
			);
			path = Views;
			sourceTree = "<group>";
		};
		76FEC0872B643AE000295557 /* Mocks */ = {
			isa = PBXGroup;
			children = (
				76FEC0882B643AF600295557 /* User0.json */,
				76FEC08A2B64469000295557 /* UsersList_2users.json */,
			);
			path = Mocks;
			sourceTree = "<group>";
		};
		76FEC08F2B65122200295557 /* DataProviders */ = {
			isa = PBXGroup;
			children = (
				76FEC0902B65125F00295557 /* DataProviderProtocol.swift */,
				76FEC0922B65135C00295557 /* MockInstantDataProvider.swift */,
			);
			path = DataProviders;
			sourceTree = "<group>";
		};
		76FEC0942B6513AE00295557 /* Helpers */ = {
			isa = PBXGroup;
			children = (
				76FEC0952B6513C500295557 /* Logger.swift */,
			);
			path = Helpers;
			sourceTree = "<group>";
		};
		76FEC0972B6517CC00295557 /* Extensions */ = {
			isa = PBXGroup;
			children = (
				76FEC0982B6517E500295557 /* Bundle+decodeJson.swift */,
			);
			path = Extensions;
			sourceTree = "<group>";
		};
		76FEC0A02B65533B00295557 /* ViewModels */ = {
			isa = PBXGroup;
			children = (
				76FEC0A12B65549500295557 /* GitHubUsersViewModel.swift */,
			);
			path = ViewModels;
			sourceTree = "<group>";
		};
/* End PBXGroup section */

/* Begin PBXNativeTarget section */
		7648461D2B64338900A0E7C1 /* GithubClientPOC */ = {
			isa = PBXNativeTarget;
			buildConfigurationList = 764846422B64338A00A0E7C1 /* Build configuration list for PBXNativeTarget "GithubClientPOC" */;
			buildPhases = (
				7648461A2B64338900A0E7C1 /* Sources */,
				7648461B2B64338900A0E7C1 /* Frameworks */,
				7648461C2B64338900A0E7C1 /* Resources */,
			);
			buildRules = (
			);
			dependencies = (
			);
			name = GithubClientPOC;
			productName = GithubClientPOC;
			productReference = 7648461E2B64338900A0E7C1 /* GithubClientPOC.app */;
			productType = "com.apple.product-type.application";
		};
		7648462D2B64338A00A0E7C1 /* GithubClientPOCTests */ = {
			isa = PBXNativeTarget;
			buildConfigurationList = 764846452B64338A00A0E7C1 /* Build configuration list for PBXNativeTarget "GithubClientPOCTests" */;
			buildPhases = (
				7648462A2B64338A00A0E7C1 /* Sources */,
				7648462B2B64338A00A0E7C1 /* Frameworks */,
				7648462C2B64338A00A0E7C1 /* Resources */,
			);
			buildRules = (
			);
			dependencies = (
				764846302B64338A00A0E7C1 /* PBXTargetDependency */,
			);
			name = GithubClientPOCTests;
			productName = GithubClientPOCTests;
			productReference = 7648462E2B64338A00A0E7C1 /* GithubClientPOCTests.xctest */;
			productType = "com.apple.product-type.bundle.unit-test";
		};
/* End PBXNativeTarget section */

/* Begin PBXProject section */
		764846162B64338900A0E7C1 /* Project object */ = {
			isa = PBXProject;
			attributes = {
				BuildIndependentTargetsInParallel = 1;
				LastSwiftUpdateCheck = 1500;
				LastUpgradeCheck = 1500;
				TargetAttributes = {
					7648461D2B64338900A0E7C1 = {
						CreatedOnToolsVersion = 15.0.1;
					};
					7648462D2B64338A00A0E7C1 = {
						CreatedOnToolsVersion = 15.0.1;
						TestTargetID = 7648461D2B64338900A0E7C1;
					};
				};
			};
			buildConfigurationList = 764846192B64338900A0E7C1 /* Build configuration list for PBXProject "GithubClientPOC" */;
			compatibilityVersion = "Xcode 14.0";
			developmentRegion = en;
			hasScannedForEncodings = 0;
			knownRegions = (
				en,
				Base,
				pl,
			);
			mainGroup = 764846152B64338900A0E7C1;
			productRefGroup = 7648461F2B64338900A0E7C1 /* Products */;
			projectDirPath = "";
			projectRoot = "";
			targets = (
				7648461D2B64338900A0E7C1 /* GithubClientPOC */,
				7648462D2B64338A00A0E7C1 /* GithubClientPOCTests */,
			);
		};
/* End PBXProject section */

/* Begin PBXResourcesBuildPhase section */
		7648461C2B64338900A0E7C1 /* Resources */ = {
			isa = PBXResourcesBuildPhase;
			buildActionMask = 2147483647;
			files = (
				764846292B64338A00A0E7C1 /* Preview Assets.xcassets in Resources */,
				76FEC08E2B65022500295557 /* Localizable.xcstrings in Resources */,
				764846262B64338A00A0E7C1 /* Assets.xcassets in Resources */,
				76FEC08B2B64469000295557 /* UsersList_2users.json in Resources */,
				76FEC0892B643AF600295557 /* User0.json in Resources */,
			);
			runOnlyForDeploymentPostprocessing = 0;
		};
		7648462C2B64338A00A0E7C1 /* Resources */ = {
			isa = PBXResourcesBuildPhase;
			buildActionMask = 2147483647;
			files = (
			);
			runOnlyForDeploymentPostprocessing = 0;
		};
/* End PBXResourcesBuildPhase section */

/* Begin PBXSourcesBuildPhase section */
		7648461A2B64338900A0E7C1 /* Sources */ = {
			isa = PBXSourcesBuildPhase;
			buildActionMask = 2147483647;
			files = (
				76FEC09D2B651BBC00295557 /* UserDetailsView.swift in Sources */,
				76FEC09F2B65532E00295557 /* UsersListView.swift in Sources */,
				76FEC0962B6513C500295557 /* Logger.swift in Sources */,
				76FEC0932B65135C00295557 /* MockInstantDataProvider.swift in Sources */,
				76FEC0A22B65549500295557 /* GitHubUsersViewModel.swift in Sources */,
				76FEC0992B6517E500295557 /* Bundle+decodeJson.swift in Sources */,
				764846242B64338900A0E7C1 /* ContentView.swift in Sources */,
				76FEC0912B65125F00295557 /* DataProviderProtocol.swift in Sources */,
				764846222B64338900A0E7C1 /* GithubClientPOCApp.swift in Sources */,
				76FEC0A62B65632000295557 /* UsersListResponse.swift in Sources */,
				76FEC09B2B6518B900295557 /* User.swift in Sources */,
			);
			runOnlyForDeploymentPostprocessing = 0;
		};
		7648462A2B64338A00A0E7C1 /* Sources */ = {
			isa = PBXSourcesBuildPhase;
			buildActionMask = 2147483647;
			files = (
				76FEC0A82B656BD200295557 /* GitHubUsersViewModelTests.swift in Sources */,
			);
			runOnlyForDeploymentPostprocessing = 0;
		};
/* End PBXSourcesBuildPhase section */

/* Begin PBXTargetDependency section */
		764846302B64338A00A0E7C1 /* PBXTargetDependency */ = {
			isa = PBXTargetDependency;
			target = 7648461D2B64338900A0E7C1 /* GithubClientPOC */;
			targetProxy = 7648462F2B64338A00A0E7C1 /* PBXContainerItemProxy */;
		};
/* End PBXTargetDependency section */

/* Begin XCBuildConfiguration section */
		764846402B64338A00A0E7C1 /* Debug */ = {
			isa = XCBuildConfiguration;
			buildSettings = {
				ALWAYS_SEARCH_USER_PATHS = NO;
				ASSETCATALOG_COMPILER_GENERATE_SWIFT_ASSET_SYMBOL_EXTENSIONS = YES;
				CLANG_ANALYZER_NONNULL = YES;
				CLANG_ANALYZER_NUMBER_OBJECT_CONVERSION = YES_AGGRESSIVE;
				CLANG_CXX_LANGUAGE_STANDARD = "gnu++20";
				CLANG_ENABLE_MODULES = YES;
				CLANG_ENABLE_OBJC_ARC = YES;
				CLANG_ENABLE_OBJC_WEAK = YES;
				CLANG_WARN_BLOCK_CAPTURE_AUTORELEASING = YES;
				CLANG_WARN_BOOL_CONVERSION = YES;
				CLANG_WARN_COMMA = YES;
				CLANG_WARN_CONSTANT_CONVERSION = YES;
				CLANG_WARN_DEPRECATED_OBJC_IMPLEMENTATIONS = YES;
				CLANG_WARN_DIRECT_OBJC_ISA_USAGE = YES_ERROR;
				CLANG_WARN_DOCUMENTATION_COMMENTS = YES;
				CLANG_WARN_EMPTY_BODY = YES;
				CLANG_WARN_ENUM_CONVERSION = YES;
				CLANG_WARN_INFINITE_RECURSION = YES;
				CLANG_WARN_INT_CONVERSION = YES;
				CLANG_WARN_NON_LITERAL_NULL_CONVERSION = YES;
				CLANG_WARN_OBJC_IMPLICIT_RETAIN_SELF = YES;
				CLANG_WARN_OBJC_LITERAL_CONVERSION = YES;
				CLANG_WARN_OBJC_ROOT_CLASS = YES_ERROR;
				CLANG_WARN_QUOTED_INCLUDE_IN_FRAMEWORK_HEADER = YES;
				CLANG_WARN_RANGE_LOOP_ANALYSIS = YES;
				CLANG_WARN_STRICT_PROTOTYPES = YES;
				CLANG_WARN_SUSPICIOUS_MOVE = YES;
				CLANG_WARN_UNGUARDED_AVAILABILITY = YES_AGGRESSIVE;
				CLANG_WARN_UNREACHABLE_CODE = YES;
				CLANG_WARN__DUPLICATE_METHOD_MATCH = YES;
				COPY_PHASE_STRIP = NO;
				DEBUG_INFORMATION_FORMAT = dwarf;
				ENABLE_STRICT_OBJC_MSGSEND = YES;
				ENABLE_TESTABILITY = YES;
				ENABLE_USER_SCRIPT_SANDBOXING = YES;
				GCC_C_LANGUAGE_STANDARD = gnu17;
				GCC_DYNAMIC_NO_PIC = NO;
				GCC_NO_COMMON_BLOCKS = YES;
				GCC_OPTIMIZATION_LEVEL = 0;
				GCC_PREPROCESSOR_DEFINITIONS = (
					"DEBUG=1",
					"$(inherited)",
				);
				GCC_WARN_64_TO_32_BIT_CONVERSION = YES;
				GCC_WARN_ABOUT_RETURN_TYPE = YES_ERROR;
				GCC_WARN_UNDECLARED_SELECTOR = YES;
				GCC_WARN_UNINITIALIZED_AUTOS = YES_AGGRESSIVE;
				GCC_WARN_UNUSED_FUNCTION = YES;
				GCC_WARN_UNUSED_VARIABLE = YES;
				IPHONEOS_DEPLOYMENT_TARGET = 16.0;
				LOCALIZATION_PREFERS_STRING_CATALOGS = YES;
				MTL_ENABLE_DEBUG_INFO = INCLUDE_SOURCE;
				MTL_FAST_MATH = YES;
				ONLY_ACTIVE_ARCH = YES;
				SDKROOT = iphoneos;
				SWIFT_ACTIVE_COMPILATION_CONDITIONS = "DEBUG $(inherited)";
				SWIFT_OPTIMIZATION_LEVEL = "-Onone";
			};
			name = Debug;
		};
		764846412B64338A00A0E7C1 /* Release */ = {
			isa = XCBuildConfiguration;
			buildSettings = {
				ALWAYS_SEARCH_USER_PATHS = NO;
				ASSETCATALOG_COMPILER_GENERATE_SWIFT_ASSET_SYMBOL_EXTENSIONS = YES;
				CLANG_ANALYZER_NONNULL = YES;
				CLANG_ANALYZER_NUMBER_OBJECT_CONVERSION = YES_AGGRESSIVE;
				CLANG_CXX_LANGUAGE_STANDARD = "gnu++20";
				CLANG_ENABLE_MODULES = YES;
				CLANG_ENABLE_OBJC_ARC = YES;
				CLANG_ENABLE_OBJC_WEAK = YES;
				CLANG_WARN_BLOCK_CAPTURE_AUTORELEASING = YES;
				CLANG_WARN_BOOL_CONVERSION = YES;
				CLANG_WARN_COMMA = YES;
				CLANG_WARN_CONSTANT_CONVERSION = YES;
				CLANG_WARN_DEPRECATED_OBJC_IMPLEMENTATIONS = YES;
				CLANG_WARN_DIRECT_OBJC_ISA_USAGE = YES_ERROR;
				CLANG_WARN_DOCUMENTATION_COMMENTS = YES;
				CLANG_WARN_EMPTY_BODY = YES;
				CLANG_WARN_ENUM_CONVERSION = YES;
				CLANG_WARN_INFINITE_RECURSION = YES;
				CLANG_WARN_INT_CONVERSION = YES;
				CLANG_WARN_NON_LITERAL_NULL_CONVERSION = YES;
				CLANG_WARN_OBJC_IMPLICIT_RETAIN_SELF = YES;
				CLANG_WARN_OBJC_LITERAL_CONVERSION = YES;
				CLANG_WARN_OBJC_ROOT_CLASS = YES_ERROR;
				CLANG_WARN_QUOTED_INCLUDE_IN_FRAMEWORK_HEADER = YES;
				CLANG_WARN_RANGE_LOOP_ANALYSIS = YES;
				CLANG_WARN_STRICT_PROTOTYPES = YES;
				CLANG_WARN_SUSPICIOUS_MOVE = YES;
				CLANG_WARN_UNGUARDED_AVAILABILITY = YES_AGGRESSIVE;
				CLANG_WARN_UNREACHABLE_CODE = YES;
				CLANG_WARN__DUPLICATE_METHOD_MATCH = YES;
				COPY_PHASE_STRIP = NO;
				DEBUG_INFORMATION_FORMAT = "dwarf-with-dsym";
				ENABLE_NS_ASSERTIONS = NO;
				ENABLE_STRICT_OBJC_MSGSEND = YES;
				ENABLE_USER_SCRIPT_SANDBOXING = YES;
				GCC_C_LANGUAGE_STANDARD = gnu17;
				GCC_NO_COMMON_BLOCKS = YES;
				GCC_WARN_64_TO_32_BIT_CONVERSION = YES;
				GCC_WARN_ABOUT_RETURN_TYPE = YES_ERROR;
				GCC_WARN_UNDECLARED_SELECTOR = YES;
				GCC_WARN_UNINITIALIZED_AUTOS = YES_AGGRESSIVE;
				GCC_WARN_UNUSED_FUNCTION = YES;
				GCC_WARN_UNUSED_VARIABLE = YES;
				IPHONEOS_DEPLOYMENT_TARGET = 16.0;
				LOCALIZATION_PREFERS_STRING_CATALOGS = YES;
				MTL_ENABLE_DEBUG_INFO = NO;
				MTL_FAST_MATH = YES;
				SDKROOT = iphoneos;
				SWIFT_COMPILATION_MODE = wholemodule;
				VALIDATE_PRODUCT = YES;
			};
			name = Release;
		};
		764846432B64338A00A0E7C1 /* Debug */ = {
			isa = XCBuildConfiguration;
			buildSettings = {
				ASSETCATALOG_COMPILER_APPICON_NAME = AppIcon;
				ASSETCATALOG_COMPILER_GLOBAL_ACCENT_COLOR_NAME = AccentColor;
				CODE_SIGN_STYLE = Automatic;
				CURRENT_PROJECT_VERSION = 1;
				DEVELOPMENT_ASSET_PATHS = "\"GithubClientPOC/Preview Content\"";
				DEVELOPMENT_TEAM = UVJCW2277W;
				ENABLE_PREVIEWS = YES;
				GENERATE_INFOPLIST_FILE = YES;
				INFOPLIST_KEY_UIApplicationSceneManifest_Generation = YES;
				INFOPLIST_KEY_UIApplicationSupportsIndirectInputEvents = YES;
				INFOPLIST_KEY_UILaunchScreen_Generation = YES;
				INFOPLIST_KEY_UISupportedInterfaceOrientations_iPad = "UIInterfaceOrientationPortrait UIInterfaceOrientationPortraitUpsideDown UIInterfaceOrientationLandscapeLeft UIInterfaceOrientationLandscapeRight";
				INFOPLIST_KEY_UISupportedInterfaceOrientations_iPhone = "UIInterfaceOrientationPortrait UIInterfaceOrientationLandscapeLeft UIInterfaceOrientationLandscapeRight";
				LD_RUNPATH_SEARCH_PATHS = (
					"$(inherited)",
					"@executable_path/Frameworks",
				);
				MARKETING_VERSION = 1.0;
				PRODUCT_BUNDLE_IDENTIFIER = pl.edu.leszczynski.GithubClientPOC;
				PRODUCT_NAME = "$(TARGET_NAME)";
				SWIFT_EMIT_LOC_STRINGS = YES;
				SWIFT_VERSION = 5.0;
				TARGETED_DEVICE_FAMILY = "1,2";
			};
			name = Debug;
		};
		764846442B64338A00A0E7C1 /* Release */ = {
			isa = XCBuildConfiguration;
			buildSettings = {
				ASSETCATALOG_COMPILER_APPICON_NAME = AppIcon;
				ASSETCATALOG_COMPILER_GLOBAL_ACCENT_COLOR_NAME = AccentColor;
				CODE_SIGN_STYLE = Automatic;
				CURRENT_PROJECT_VERSION = 1;
				DEVELOPMENT_ASSET_PATHS = "\"GithubClientPOC/Preview Content\"";
				DEVELOPMENT_TEAM = UVJCW2277W;
				ENABLE_PREVIEWS = YES;
				GENERATE_INFOPLIST_FILE = YES;
				INFOPLIST_KEY_UIApplicationSceneManifest_Generation = YES;
				INFOPLIST_KEY_UIApplicationSupportsIndirectInputEvents = YES;
				INFOPLIST_KEY_UILaunchScreen_Generation = YES;
				INFOPLIST_KEY_UISupportedInterfaceOrientations_iPad = "UIInterfaceOrientationPortrait UIInterfaceOrientationPortraitUpsideDown UIInterfaceOrientationLandscapeLeft UIInterfaceOrientationLandscapeRight";
				INFOPLIST_KEY_UISupportedInterfaceOrientations_iPhone = "UIInterfaceOrientationPortrait UIInterfaceOrientationLandscapeLeft UIInterfaceOrientationLandscapeRight";
				LD_RUNPATH_SEARCH_PATHS = (
					"$(inherited)",
					"@executable_path/Frameworks",
				);
				MARKETING_VERSION = 1.0;
				PRODUCT_BUNDLE_IDENTIFIER = pl.edu.leszczynski.GithubClientPOC;
				PRODUCT_NAME = "$(TARGET_NAME)";
				SWIFT_EMIT_LOC_STRINGS = YES;
				SWIFT_VERSION = 5.0;
				TARGETED_DEVICE_FAMILY = "1,2";
			};
			name = Release;
		};
		764846462B64338A00A0E7C1 /* Debug */ = {
			isa = XCBuildConfiguration;
			buildSettings = {
				ALWAYS_EMBED_SWIFT_STANDARD_LIBRARIES = YES;
				BUNDLE_LOADER = "$(TEST_HOST)";
				CODE_SIGN_STYLE = Automatic;
				CURRENT_PROJECT_VERSION = 1;
				DEVELOPMENT_TEAM = UVJCW2277W;
				GENERATE_INFOPLIST_FILE = YES;
				IPHONEOS_DEPLOYMENT_TARGET = 17.0;
				MARKETING_VERSION = 1.0;
				PRODUCT_BUNDLE_IDENTIFIER = pl.edu.leszczynski.GithubClientPOCTests;
				PRODUCT_NAME = "$(TARGET_NAME)";
				SWIFT_EMIT_LOC_STRINGS = NO;
				SWIFT_VERSION = 5.0;
				TARGETED_DEVICE_FAMILY = "1,2";
				TEST_HOST = "$(BUILT_PRODUCTS_DIR)/GithubClientPOC.app/$(BUNDLE_EXECUTABLE_FOLDER_PATH)/GithubClientPOC";
			};
			name = Debug;
		};
		764846472B64338A00A0E7C1 /* Release */ = {
			isa = XCBuildConfiguration;
			buildSettings = {
				ALWAYS_EMBED_SWIFT_STANDARD_LIBRARIES = YES;
				BUNDLE_LOADER = "$(TEST_HOST)";
				CODE_SIGN_STYLE = Automatic;
				CURRENT_PROJECT_VERSION = 1;
				DEVELOPMENT_TEAM = UVJCW2277W;
				GENERATE_INFOPLIST_FILE = YES;
				IPHONEOS_DEPLOYMENT_TARGET = 17.0;
				MARKETING_VERSION = 1.0;
				PRODUCT_BUNDLE_IDENTIFIER = pl.edu.leszczynski.GithubClientPOCTests;
				PRODUCT_NAME = "$(TARGET_NAME)";
				SWIFT_EMIT_LOC_STRINGS = NO;
				SWIFT_VERSION = 5.0;
				TARGETED_DEVICE_FAMILY = "1,2";
				TEST_HOST = "$(BUILT_PRODUCTS_DIR)/GithubClientPOC.app/$(BUNDLE_EXECUTABLE_FOLDER_PATH)/GithubClientPOC";
			};
			name = Release;
		};
/* End XCBuildConfiguration section */

/* Begin XCConfigurationList section */
		764846192B64338900A0E7C1 /* Build configuration list for PBXProject "GithubClientPOC" */ = {
			isa = XCConfigurationList;
			buildConfigurations = (
				764846402B64338A00A0E7C1 /* Debug */,
				764846412B64338A00A0E7C1 /* Release */,
			);
			defaultConfigurationIsVisible = 0;
			defaultConfigurationName = Release;
		};
		764846422B64338A00A0E7C1 /* Build configuration list for PBXNativeTarget "GithubClientPOC" */ = {
			isa = XCConfigurationList;
			buildConfigurations = (
				764846432B64338A00A0E7C1 /* Debug */,
				764846442B64338A00A0E7C1 /* Release */,
			);
			defaultConfigurationIsVisible = 0;
			defaultConfigurationName = Release;
		};
		764846452B64338A00A0E7C1 /* Build configuration list for PBXNativeTarget "GithubClientPOCTests" */ = {
			isa = XCConfigurationList;
			buildConfigurations = (
				764846462B64338A00A0E7C1 /* Debug */,
				764846472B64338A00A0E7C1 /* Release */,
			);
			defaultConfigurationIsVisible = 0;
			defaultConfigurationName = Release;
		};
/* End XCConfigurationList section */
	};
	rootObject = 764846162B64338900A0E7C1 /* Project object */;
}
